
Microsoft Visual Studio Solution File, Format Version 12.00
# Visual Studio 15
VisualStudioVersion = 15.0.27428.2043
MinimumVisualStudioVersion = 10.0.40219.1
Project("{FAE04EC0-301F-11D3-BF4B-00C04F79EFBC}") = "Common", "Common\Common.csproj", "{5611942B-E0E9-45CE-88AA-8A8CAC8C075B}"
EndProject
Project("{FAE04EC0-301F-11D3-BF4B-00C04F79EFBC}") = "Desene", "Desene\Desene.csproj", "{AA6A65AD-D67E-4704-8BA4-80AF2E5C7B02}"
EndProject
Project("{FAE04EC0-301F-11D3-BF4B-00C04F79EFBC}") = "DAL", "DAL\DAL.csproj", "{CC677DCD-AD19-4425-80DB-29733ACDDA03}"
EndProject
Project("{FAE04EC0-301F-11D3-BF4B-00C04F79EFBC}") = "Utils", "Utils\Utils.csproj", "{614AA75B-3382-485B-8EB0-466B65149DDC}"
EndProject
Project("{FAE04EC0-301F-11D3-BF4B-00C04F79EFBC}") = "Aga.Controls", "Aga.Controls\Aga.Controls.csproj", "{E73BB233-D88B-44A7-A98F-D71EE158381D}"
EndProject
Global
	GlobalSection(SolutionConfigurationPlatforms) = preSolution
		Debug|Any CPU = Debug|Any CPU
		Release|Any CPU = Release|Any CPU
	EndGlobalSection
	GlobalSection(ProjectConfigurationPlatforms) = postSolution
		{5611942B-E0E9-45CE-88AA-8A8CAC8C075B}.Debug|Any CPU.ActiveCfg = Debug|Any CPU
		{5611942B-E0E9-45CE-88AA-8A8CAC8C075B}.Debug|Any CPU.Build.0 = Debug|Any CPU
		{5611942B-E0E9-45CE-88AA-8A8CAC8C075B}.Release|Any CPU.ActiveCfg = Release|Any CPU
		{5611942B-E0E9-45CE-88AA-8A8CAC8C075B}.Release|Any CPU.Build.0 = Release|Any CPU
		{AA6A65AD-D67E-4704-8BA4-80AF2E5C7B02}.Debug|Any CPU.ActiveCfg = Debug|Any CPU
		{AA6A65AD-D67E-4704-8BA4-80AF2E5C7B02}.Debug|Any CPU.Build.0 = Debug|Any CPU
		{AA6A65AD-D67E-4704-8BA4-80AF2E5C7B02}.Release|Any CPU.ActiveCfg = Release|Any CPU
		{AA6A65AD-D67E-4704-8BA4-80AF2E5C7B02}.Release|Any CPU.Build.0 = Release|Any CPU
		{CC677DCD-AD19-4425-80DB-29733ACDDA03}.Debug|Any CPU.ActiveCfg = Debug|Any CPU
		{CC677DCD-AD19-4425-80DB-29733ACDDA03}.Debug|Any CPU.Build.0 = Debug|Any CPU
		{CC677DCD-AD19-4425-80DB-29733ACDDA03}.Release|Any CPU.ActiveCfg = Release|Any CPU
		{CC677DCD-AD19-4425-80DB-29733ACDDA03}.Release|Any CPU.Build.0 = Release|Any CPU
		{614AA75B-3382-485B-8EB0-466B65149DDC}.Debug|Any CPU.ActiveCfg = Debug|Any CPU
		{614AA75B-3382-485B-8EB0-466B65149DDC}.Debug|Any CPU.Build.0 = Debug|Any CPU
		{614AA75B-3382-485B-8EB0-466B65149DDC}.Release|Any CPU.ActiveCfg = Release|Any CPU
		{614AA75B-3382-485B-8EB0-466B65149DDC}.Release|Any CPU.Build.0 = Release|Any CPU
		{E73BB233-D88B-44A7-A98F-D71EE158381D}.Debug|Any CPU.ActiveCfg = Debug|Any CPU
		{E73BB233-D88B-44A7-A98F-D71EE158381D}.Debug|Any CPU.Build.0 = Debug|Any CPU
		{E73BB233-D88B-44A7-A98F-D71EE158381D}.Release|Any CPU.ActiveCfg = Release|Any CPU
		{E73BB233-D88B-44A7-A98F-D71EE158381D}.Release|Any CPU.Build.0 = Release|Any CPU
	EndGlobalSection
	GlobalSection(SolutionProperties) = preSolution
		HideSolutionNode = FALSE
	EndGlobalSection
	GlobalSection(ExtensibilityGlobals) = postSolution
		SolutionGuid = {B5263131-1026-4582-9201-1E216905D431}
	EndGlobalSection
EndGlobal
